
Microsoft Visual Studio Solution File, Format Version 12.00
# Visual Studio Version 17
VisualStudioVersion = 17.13.35931.197
MinimumVisualStudioVersion = 10.0.40219.1
Project("{FAE04EC0-301F-11D3-BF4B-00C04F79EFBC}") = "AspNetCore.FileStreamer", "AspNetCore.FileStreamer\AspNetCore.FileStreamer.csproj", "{A6800A78-B0AF-477A-9AF6-925319C65995}"
EndProject
Project("{FAE04EC0-301F-11D3-BF4B-00C04F79EFBC}") = "AutoLog", "AutoLog\AutoLog.csproj", "{F0C8D4E2-7778-4192-9A80-D3BC4F58BE74}"
EndProject
Project("{FAE04EC0-301F-11D3-BF4B-00C04F79EFBC}") = "JsonLocalizer", "JsonLocalizer\JsonLocalizer.csproj", "{12CD6823-4139-423E-B869-E46BFC5A725C}"
EndProject
Project("{FAE04EC0-301F-11D3-BF4B-00C04F79EFBC}") = "GPXFileReader", "GPXFileReader\GPXFileReader.csproj", "{5E546690-F8FA-42AF-BCDB-51FF8B7ADDF7}"
EndProject
Project("{FAE04EC0-301F-11D3-BF4B-00C04F79EFBC}") = "PathsFinder", "PathsFinder\PathsFinder.csproj", "{2C2DB247-65E3-4579-8A67-8A556B70441B}"
EndProject
Project("{FAE04EC0-301F-11D3-BF4B-00C04F79EFBC}") = "KeySafe.Licensing", "KeySafe.Licensing\KeySafe.Licensing.csproj", "{219D273A-E6A7-4816-86DA-598BC540D05F}"
EndProject
Global
	GlobalSection(SolutionConfigurationPlatforms) = preSolution
		Debug|Any CPU = Debug|Any CPU
		Release|Any CPU = Release|Any CPU
	EndGlobalSection
	GlobalSection(ProjectConfigurationPlatforms) = postSolution
		{A6800A78-B0AF-477A-9AF6-925319C65995}.Debug|Any CPU.ActiveCfg = Debug|Any CPU
		{A6800A78-B0AF-477A-9AF6-925319C65995}.Debug|Any CPU.Build.0 = Debug|Any CPU
		{A6800A78-B0AF-477A-9AF6-925319C65995}.Release|Any CPU.ActiveCfg = Release|Any CPU
		{A6800A78-B0AF-477A-9AF6-925319C65995}.Release|Any CPU.Build.0 = Release|Any CPU
		{F0C8D4E2-7778-4192-9A80-D3BC4F58BE74}.Debug|Any CPU.ActiveCfg = Debug|Any CPU
		{F0C8D4E2-7778-4192-9A80-D3BC4F58BE74}.Debug|Any CPU.Build.0 = Debug|Any CPU
		{F0C8D4E2-7778-4192-9A80-D3BC4F58BE74}.Release|Any CPU.ActiveCfg = Release|Any CPU
		{F0C8D4E2-7778-4192-9A80-D3BC4F58BE74}.Release|Any CPU.Build.0 = Release|Any CPU
		{12CD6823-4139-423E-B869-E46BFC5A725C}.Debug|Any CPU.ActiveCfg = Debug|Any CPU
		{12CD6823-4139-423E-B869-E46BFC5A725C}.Debug|Any CPU.Build.0 = Debug|Any CPU
		{12CD6823-4139-423E-B869-E46BFC5A725C}.Release|Any CPU.ActiveCfg = Release|Any CPU
		{12CD6823-4139-423E-B869-E46BFC5A725C}.Release|Any CPU.Build.0 = Release|Any CPU
		{5E546690-F8FA-42AF-BCDB-51FF8B7ADDF7}.Debug|Any CPU.ActiveCfg = Debug|Any CPU
		{5E546690-F8FA-42AF-BCDB-51FF8B7ADDF7}.Debug|Any CPU.Build.0 = Debug|Any CPU
		{5E546690-F8FA-42AF-BCDB-51FF8B7ADDF7}.Release|Any CPU.ActiveCfg = Release|Any CPU
		{5E546690-F8FA-42AF-BCDB-51FF8B7ADDF7}.Release|Any CPU.Build.0 = Release|Any CPU
		{2C2DB247-65E3-4579-8A67-8A556B70441B}.Debug|Any CPU.ActiveCfg = Debug|Any CPU
		{2C2DB247-65E3-4579-8A67-8A556B70441B}.Debug|Any CPU.Build.0 = Debug|Any CPU
		{2C2DB247-65E3-4579-8A67-8A556B70441B}.Release|Any CPU.ActiveCfg = Release|Any CPU
		{2C2DB247-65E3-4579-8A67-8A556B70441B}.Release|Any CPU.Build.0 = Release|Any CPU
		{219D273A-E6A7-4816-86DA-598BC540D05F}.Debug|Any CPU.ActiveCfg = Debug|Any CPU
		{219D273A-E6A7-4816-86DA-598BC540D05F}.Debug|Any CPU.Build.0 = Debug|Any CPU
		{219D273A-E6A7-4816-86DA-598BC540D05F}.Release|Any CPU.ActiveCfg = Release|Any CPU
		{219D273A-E6A7-4816-86DA-598BC540D05F}.Release|Any CPU.Build.0 = Release|Any CPU
	EndGlobalSection
	GlobalSection(SolutionProperties) = preSolution
		HideSolutionNode = FALSE
	EndGlobalSection
	GlobalSection(ExtensibilityGlobals) = postSolution
		SolutionGuid = {D1981E88-8F0A-4C0C-9148-E4703E5D8368}
	EndGlobalSection
EndGlobal
